
Microsoft Visual Studio Solution File, Format Version 12.00
# Visual Studio Version 17
VisualStudioVersion = 17.14.36518.9 d17.14
MinimumVisualStudioVersion = 10.0.40219.1
Project("{FAE04EC0-301F-11D3-BF4B-00C04F79EFBC}") = "MiniEcommerce.Core", "MiniEcommerce.Core\MiniEcommerce.Core.csproj", "{CA7F7600-0945-4523-8BE6-1BA470591F2B}"
EndProject
Project("{FAE04EC0-301F-11D3-BF4B-00C04F79EFBC}") = "MiniEcommerce.API", "MiniEcommerce.API\MiniEcommerce.API.csproj", "{40D0D6F2-1551-4078-95DE-B60507456DEE}"
EndProject
Project("{FAE04EC0-301F-11D3-BF4B-00C04F79EFBC}") = "MiniEcommerce.Blazor", "MiniEcommerce.Blazor\MiniEcommerce.Blazor.csproj", "{BCE39E62-0764-4882-AD68-5F06327F24C6}"
EndProject
Global
	GlobalSection(SolutionConfigurationPlatforms) = preSolution
		Debug|Any CPU = Debug|Any CPU
		Release|Any CPU = Release|Any CPU
	EndGlobalSection
	GlobalSection(ProjectConfigurationPlatforms) = postSolution
		{CA7F7600-0945-4523-8BE6-1BA470591F2B}.Debug|Any CPU.ActiveCfg = Debug|Any CPU
		{CA7F7600-0945-4523-8BE6-1BA470591F2B}.Debug|Any CPU.Build.0 = Debug|Any CPU
		{CA7F7600-0945-4523-8BE6-1BA470591F2B}.Release|Any CPU.ActiveCfg = Release|Any CPU
		{CA7F7600-0945-4523-8BE6-1BA470591F2B}.Release|Any CPU.Build.0 = Release|Any CPU
		{40D0D6F2-1551-4078-95DE-B60507456DEE}.Debug|Any CPU.ActiveCfg = Debug|Any CPU
		{40D0D6F2-1551-4078-95DE-B60507456DEE}.Debug|Any CPU.Build.0 = Debug|Any CPU
		{40D0D6F2-1551-4078-95DE-B60507456DEE}.Release|Any CPU.ActiveCfg = Release|Any CPU
		{40D0D6F2-1551-4078-95DE-B60507456DEE}.Release|Any CPU.Build.0 = Release|Any CPU
		{BCE39E62-0764-4882-AD68-5F06327F24C6}.Debug|Any CPU.ActiveCfg = Debug|Any CPU
		{BCE39E62-0764-4882-AD68-5F06327F24C6}.Debug|Any CPU.Build.0 = Debug|Any CPU
		{BCE39E62-0764-4882-AD68-5F06327F24C6}.Release|Any CPU.ActiveCfg = Release|Any CPU
		{BCE39E62-0764-4882-AD68-5F06327F24C6}.Release|Any CPU.Build.0 = Release|Any CPU
	EndGlobalSection
	GlobalSection(SolutionProperties) = preSolution
		HideSolutionNode = FALSE
	EndGlobalSection
	GlobalSection(ExtensibilityGlobals) = postSolution
		SolutionGuid = {2A8E0A66-4317-4BAE-9558-94D81E23F977}
	EndGlobalSection
EndGlobal
